// !$*UTF8*$!
{
	archiveVersion = 1;
	classes = {
	};
	objectVersion = 46;
	objects = {

/* Begin PBXBuildFile section */
		ED449ECB1EE6FE6C0032047F /* main.m in Sources */ = {isa = PBXBuildFile; fileRef = ED449ECA1EE6FE6C0032047F /* main.m */; };
		ED449ED31EE707C60032047F /* InputHandler.m in Sources */ = {isa = PBXBuildFile; fileRef = ED449ED21EE707C60032047F /* InputHandler.m */; };
		ED449ED61EE709D30032047F /* PaymentGateway.m in Sources */ = {isa = PBXBuildFile; fileRef = ED449ED51EE709D30032047F /* PaymentGateway.m */; };
		ED449ED91EE70B350032047F /* StripePaymentService.m in Sources */ = {isa = PBXBuildFile; fileRef = ED449ED81EE70B350032047F /* StripePaymentService.m */; };
		ED449EDC1EE70B4C0032047F /* PaypalPaymentService.m in Sources */ = {isa = PBXBuildFile; fileRef = ED449EDB1EE70B4C0032047F /* PaypalPaymentService.m */; };
		ED449EDF1EE70B650032047F /* AmazonPaymentService.m in Sources */ = {isa = PBXBuildFile; fileRef = ED449EDE1EE70B650032047F /* AmazonPaymentService.m */; };
/* End PBXBuildFile section */

/* Begin PBXCopyFilesBuildPhase section */
		ED449EC51EE6FE6C0032047F /* CopyFiles */ = {
			isa = PBXCopyFilesBuildPhase;
			buildActionMask = 2147483647;
			dstPath = /usr/share/man/man1/;
			dstSubfolderSpec = 0;
			files = (
			);
			runOnlyForDeploymentPostprocessing = 1;
		};
/* End PBXCopyFilesBuildPhase section */

/* Begin PBXFileReference section */
		ED449EC71EE6FE6C0032047F /* Payments2 */ = {isa = PBXFileReference; explicitFileType = "compiled.mach-o.executable"; includeInIndex = 0; path = Payments2; sourceTree = BUILT_PRODUCTS_DIR; };
		ED449ECA1EE6FE6C0032047F /* main.m */ = {isa = PBXFileReference; lastKnownFileType = sourcecode.c.objc; path = main.m; sourceTree = "<group>"; };
		ED449ED11EE707C60032047F /* InputHandler.h */ = {isa = PBXFileReference; fileEncoding = 4; lastKnownFileType = sourcecode.c.h; path = InputHandler.h; sourceTree = "<group>"; };
		ED449ED21EE707C60032047F /* InputHandler.m */ = {isa = PBXFileReference; fileEncoding = 4; lastKnownFileType = sourcecode.c.objc; path = InputHandler.m; sourceTree = "<group>"; };
		ED449ED41EE709D30032047F /* PaymentGateway.h */ = {isa = PBXFileReference; fileEncoding = 4; lastKnownFileType = sourcecode.c.h; path = PaymentGateway.h; sourceTree = "<group>"; };
		ED449ED51EE709D30032047F /* PaymentGateway.m */ = {isa = PBXFileReference; fileEncoding = 4; lastKnownFileType = sourcecode.c.objc; path = PaymentGateway.m; sourceTree = "<group>"; };
		ED449ED71EE70B350032047F /* StripePaymentService.h */ = {isa = PBXFileReference; fileEncoding = 4; lastKnownFileType = sourcecode.c.h; path = StripePaymentService.h; sourceTree = "<group>"; };
		ED449ED81EE70B350032047F /* StripePaymentService.m */ = {isa = PBXFileReference; fileEncoding = 4; lastKnownFileType = sourcecode.c.objc; path = StripePaymentService.m; sourceTree = "<group>"; };
		ED449EDA1EE70B4C0032047F /* PaypalPaymentService.h */ = {isa = PBXFileReference; fileEncoding = 4; lastKnownFileType = sourcecode.c.h; path = PaypalPaymentService.h; sourceTree = "<group>"; };
		ED449EDB1EE70B4C0032047F /* PaypalPaymentService.m */ = {isa = PBXFileReference; fileEncoding = 4; lastKnownFileType = sourcecode.c.objc; path = PaypalPaymentService.m; sourceTree = "<group>"; };
		ED449EDD1EE70B650032047F /* AmazonPaymentService.h */ = {isa = PBXFileReference; fileEncoding = 4; lastKnownFileType = sourcecode.c.h; path = AmazonPaymentService.h; sourceTree = "<group>"; };
		ED449EDE1EE70B650032047F /* AmazonPaymentService.m */ = {isa = PBXFileReference; fileEncoding = 4; lastKnownFileType = sourcecode.c.objc; path = AmazonPaymentService.m; sourceTree = "<group>"; };
/* End PBXFileReference section */

/* Begin PBXFrameworksBuildPhase section */
		ED449EC41EE6FE6C0032047F /* Frameworks */ = {
			isa = PBXFrameworksBuildPhase;
			buildActionMask = 2147483647;
			files = (
			);
			runOnlyForDeploymentPostprocessing = 0;
		};
/* End PBXFrameworksBuildPhase section */

/* Begin PBXGroup section */
		ED449EBE1EE6FE6C0032047F = {
			isa = PBXGroup;
			children = (
				ED449EC91EE6FE6C0032047F /* Payments2 */,
				ED449EC81EE6FE6C0032047F /* Products */,
			);
			sourceTree = "<group>";
		};
		ED449EC81EE6FE6C0032047F /* Products */ = {
			isa = PBXGroup;
			children = (
				ED449EC71EE6FE6C0032047F /* Payments2 */,
			);
			name = Products;
			sourceTree = "<group>";
		};
		ED449EC91EE6FE6C0032047F /* Payments2 */ = {
			isa = PBXGroup;
			children = (
				ED449ECA1EE6FE6C0032047F /* main.m */,
				ED449ED71EE70B350032047F /* StripePaymentService.h */,
				ED449ED81EE70B350032047F /* StripePaymentService.m */,
				ED449EDA1EE70B4C0032047F /* PaypalPaymentService.h */,
				ED449EDB1EE70B4C0032047F /* PaypalPaymentService.m */,
				ED449EDD1EE70B650032047F /* AmazonPaymentService.h */,
				ED449EDE1EE70B650032047F /* AmazonPaymentService.m */,
				ED449ED41EE709D30032047F /* PaymentGateway.h */,
				ED449ED51EE709D30032047F /* PaymentGateway.m */,
				ED449ED11EE707C60032047F /* InputHandler.h */,
				ED449ED21EE707C60032047F /* InputHandler.m */,
			);
			path = Payments2;
			sourceTree = "<group>";
		};
/* End PBXGroup section */

/* Begin PBXNativeTarget section */
		ED449EC61EE6FE6C0032047F /* Payments2 */ = {
			isa = PBXNativeTarget;
			buildConfigurationList = ED449ECE1EE6FE6C0032047F /* Build configuration list for PBXNativeTarget "Payments2" */;
			buildPhases = (
				ED449EC31EE6FE6C0032047F /* Sources */,
				ED449EC41EE6FE6C0032047F /* Frameworks */,
				ED449EC51EE6FE6C0032047F /* CopyFiles */,
			);
			buildRules = (
			);
			dependencies = (
			);
			name = Payments2;
			productName = Payments2;
			productReference = ED449EC71EE6FE6C0032047F /* Payments2 */;
			productType = "com.apple.product-type.tool";
		};
/* End PBXNativeTarget section */

/* Begin PBXProject section */
		ED449EBF1EE6FE6C0032047F /* Project object */ = {
			isa = PBXProject;
			attributes = {
				LastUpgradeCheck = 0830;
				ORGANIZATIONNAME = Shreve.ca;
				TargetAttributes = {
					ED449EC61EE6FE6C0032047F = {
						CreatedOnToolsVersion = 8.3.2;
						DevelopmentTeam = 294FN9LFDB;
						ProvisioningStyle = Automatic;
					};
				};
			};
			buildConfigurationList = ED449EC21EE6FE6C0032047F /* Build configuration list for PBXProject "Payments2" */;
			compatibilityVersion = "Xcode 3.2";
			developmentRegion = English;
			hasScannedForEncodings = 0;
			knownRegions = (
				en,
			);
			mainGroup = ED449EBE1EE6FE6C0032047F;
			productRefGroup = ED449EC81EE6FE6C0032047F /* Products */;
			projectDirPath = "";
			projectRoot = "";
			targets = (
				ED449EC61EE6FE6C0032047F /* Payments2 */,
			);
		};
/* End PBXProject section */

/* Begin PBXSourcesBuildPhase section */
		ED449EC31EE6FE6C0032047F /* Sources */ = {
			isa = PBXSourcesBuildPhase;
			buildActionMask = 2147483647;
			files = (
				ED449EDF1EE70B650032047F /* AmazonPaymentService.m in Sources */,
				ED449ED61EE709D30032047F /* PaymentGateway.m in Sources */,
				ED449ECB1EE6FE6C0032047F /* main.m in Sources */,
				ED449EDC1EE70B4C0032047F /* PaypalPaymentService.m in Sources */,
				ED449ED31EE707C60032047F /* InputHandler.m in Sources */,
				ED449ED91EE70B350032047F /* StripePaymentService.m in Sources */,
			);
			runOnlyForDeploymentPostprocessing = 0;
		};
/* End PBXSourcesBuildPhase section */

/* Begin XCBuildConfiguration section */
		ED449ECC1EE6FE6C0032047F /* Debug */ = {
			isa = XCBuildConfiguration;
			buildSettings = {
				ALWAYS_SEARCH_USER_PATHS = NO;
				CLANG_ANALYZER_NONNULL = YES;
				CLANG_ANALYZER_NUMBER_OBJECT_CONVERSION = YES_AGGRESSIVE;
				CLANG_CXX_LANGUAGE_STANDARD = "gnu++0x";
				CLANG_CXX_LIBRARY = "libc++";
				CLANG_ENABLE_MODULES = YES;
				CLANG_ENABLE_OBJC_ARC = YES;
				CLANG_WARN_BOOL_CONVERSION = YES;
				CLANG_WARN_CONSTANT_CONVERSION = YES;
				CLANG_WARN_DIRECT_OBJC_ISA_USAGE = YES_ERROR;
				CLANG_WARN_DOCUMENTATION_COMMENTS = YES;
				CLANG_WARN_EMPTY_BODY = YES;
				CLANG_WARN_ENUM_CONVERSION = YES;
				CLANG_WARN_INFINITE_RECURSION = YES;
				CLANG_WARN_INT_CONVERSION = YES;
				CLANG_WARN_OBJC_ROOT_CLASS = YES_ERROR;
				CLANG_WARN_SUSPICIOUS_MOVE = YES;
				CLANG_WARN_UNREACHABLE_CODE = YES;
				CLANG_WARN__DUPLICATE_METHOD_MATCH = YES;
				CODE_SIGN_IDENTITY = "-";
				COPY_PHASE_STRIP = NO;
				DEBUG_INFORMATION_FORMAT = dwarf;
				ENABLE_STRICT_OBJC_MSGSEND = YES;
				ENABLE_TESTABILITY = YES;
				GCC_C_LANGUAGE_STANDARD = gnu99;
				GCC_DYNAMIC_NO_PIC = NO;
				GCC_NO_COMMON_BLOCKS = YES;
				GCC_OPTIMIZATION_LEVEL = 0;
				GCC_PREPROCESSOR_DEFINITIONS = (
					"DEBUG=1",
					"$(inherited)",
				);
				GCC_WARN_64_TO_32_BIT_CONVERSION = YES;
				GCC_WARN_ABOUT_RETURN_TYPE = YES_ERROR;
				GCC_WARN_UNDECLARED_SELECTOR = YES;
				GCC_WARN_UNINITIALIZED_AUTOS = YES_AGGRESSIVE;
				GCC_WARN_UNUSED_FUNCTION = YES;
				GCC_WARN_UNUSED_VARIABLE = YES;
				MACOSX_DEPLOYMENT_TARGET = 10.12;
				MTL_ENABLE_DEBUG_INFO = YES;
				ONLY_ACTIVE_ARCH = YES;
				SDKROOT = macosx;
			};
			name = Debug;
		};
		ED449ECD1EE6FE6C0032047F /* Release */ = {
			isa = XCBuildConfiguration;
			buildSettings = {
				ALWAYS_SEARCH_USER_PATHS = NO;
				CLANG_ANALYZER_NONNULL = YES;
				CLANG_ANALYZER_NUMBER_OBJECT_CONVERSION = YES_AGGRESSIVE;
				CLANG_CXX_LANGUAGE_STANDARD = "gnu++0x";
				CLANG_CXX_LIBRARY = "libc++";
				CLANG_ENABLE_MODULES = YES;
				CLANG_ENABLE_OBJC_ARC = YES;
				CLANG_WARN_BOOL_CONVERSION = YES;
				CLANG_WARN_CONSTANT_CONVERSION = YES;
				CLANG_WARN_DIRECT_OBJC_ISA_USAGE = YES_ERROR;
				CLANG_WARN_DOCUMENTATION_COMMENTS = YES;
				CLANG_WARN_EMPTY_BODY = YES;
				CLANG_WARN_ENUM_CONVERSION = YES;
				CLANG_WARN_INFINITE_RECURSION = YES;
				CLANG_WARN_INT_CONVERSION = YES;
				CLANG_WARN_OBJC_ROOT_CLASS = YES_ERROR;
				CLANG_WARN_SUSPICIOUS_MOVE = YES;
				CLANG_WARN_UNREACHABLE_CODE = YES;
				CLANG_WARN__DUPLICATE_METHOD_MATCH = YES;
				CODE_SIGN_IDENTITY = "-";
				COPY_PHASE_STRIP = NO;
				DEBUG_INFORMATION_FORMAT = "dwarf-with-dsym";
				ENABLE_NS_ASSERTIONS = NO;
				ENABLE_STRICT_OBJC_MSGSEND = YES;
				GCC_C_LANGUAGE_STANDARD = gnu99;
				GCC_NO_COMMON_BLOCKS = YES;
				GCC_WARN_64_TO_32_BIT_CONVERSION = YES;
				GCC_WARN_ABOUT_RETURN_TYPE = YES_ERROR;
				GCC_WARN_UNDECLARED_SELECTOR = YES;
				GCC_WARN_UNINITIALIZED_AUTOS = YES_AGGRESSIVE;
				GCC_WARN_UNUSED_FUNCTION = YES;
				GCC_WARN_UNUSED_VARIABLE = YES;
				MACOSX_DEPLOYMENT_TARGET = 10.12;
				MTL_ENABLE_DEBUG_INFO = NO;
				SDKROOT = macosx;
			};
			name = Release;
		};
		ED449ECF1EE6FE6C0032047F /* Debug */ = {
			isa = XCBuildConfiguration;
			buildSettings = {
				DEVELOPMENT_TEAM = 294FN9LFDB;
				PRODUCT_NAME = "$(TARGET_NAME)";
			};
			name = Debug;
		};
		ED449ED01EE6FE6C0032047F /* Release */ = {
			isa = XCBuildConfiguration;
			buildSettings = {
				DEVELOPMENT_TEAM = 294FN9LFDB;
				PRODUCT_NAME = "$(TARGET_NAME)";
			};
			name = Release;
		};
/* End XCBuildConfiguration section */

/* Begin XCConfigurationList section */
		ED449EC21EE6FE6C0032047F /* Build configuration list for PBXProject "Payments2" */ = {
			isa = XCConfigurationList;
			buildConfigurations = (
				ED449ECC1EE6FE6C0032047F /* Debug */,
				ED449ECD1EE6FE6C0032047F /* Release */,
			);
			defaultConfigurationIsVisible = 0;
			defaultConfigurationName = Release;
		};
		ED449ECE1EE6FE6C0032047F /* Build configuration list for PBXNativeTarget "Payments2" */ = {
			isa = XCConfigurationList;
			buildConfigurations = (
				ED449ECF1EE6FE6C0032047F /* Debug */,
				ED449ED01EE6FE6C0032047F /* Release */,
			);
			defaultConfigurationIsVisible = 0;
		};
/* End XCConfigurationList section */
	};
	rootObject = ED449EBF1EE6FE6C0032047F /* Project object */;
}
